
Microsoft Visual Studio Solution File, Format Version 10.00
# Visual Studio 2008
Project("{FAE04EC0-301F-11D3-BF4B-00C04F79EFBC}") = "c4.5", "c4.5\c4.5.csproj", "{BFEB68A1-41D6-4838-8916-829B581743C0}"
EndProject
Global
	GlobalSection(SolutionConfigurationPlatforms) = preSolution
		Debug|Any CPU = Debug|Any CPU
		Release|Any CPU = Release|Any CPU
	EndGlobalSection
	GlobalSection(ProjectConfigurationPlatforms) = postSolution
		{BFEB68A1-41D6-4838-8916-829B581743C0}.Debug|Any CPU.ActiveCfg = Debug|Any CPU
		{BFEB68A1-41D6-4838-8916-829B581743C0}.Debug|Any CPU.Build.0 = Debug|Any CPU
		{BFEB68A1-41D6-4838-8916-829B581743C0}.Release|Any CPU.ActiveCfg = Release|Any CPU
		{BFEB68A1-41D6-4838-8916-829B581743C0}.Release|Any CPU.Build.0 = Release|Any CPU
	EndGlobalSection
	GlobalSection(SolutionProperties) = preSolution
		HideSolutionNode = FALSE
	EndGlobalSection
EndGlobal
